github.com/adrg/strutil v0.2.2/go.mod h1:EF2fjOFlGTepljfI+FzgTG13oXthR7ZAil9/aginnNQ=
github.com/adrg/strutil v0.3.1 h1:OLvSS7CSJO8lBii4YmBt8jiK9QOtB9CzCzwl4Ic/Fz4=
github.com/adrg/strutil v0.3.1/go.mod h1:8h90y18QLrs11IBffcGX3NW/GFBXCMcNg4M7H6MspPA=
github.com/adrg/sysfont v0.1.2 h1:MSU3KREM4RhsQ+7QgH7wPEPTgAgBIz0Hw6Nd4u7QgjE=
github.com/adrg/sysfont v0.1.2/go.mod h1:6d3l7/BSjX9VaeXWJt9fcrftFaD/t7l11xgSywCPZGk=
github.com/adrg/xdg v0.3.0/go.mod h1:7I2hH/IT30IsupOpKZ5ue7/qNi3CoKzD6tL3HwpaRMQ=
github.com/adrg/xdg v0.5.0 h1:dDaZvhMXatArP1NPHhnfaQUqWBLBsmx1h1HXQdMoFCY=
github.com/adrg/xdg v0.5.0/go.mod h1:dDdY4M4DF9Rjy4kHPeNL+ilVF+p2lK8IdM9/rTSGcI4=
github.com/davecgh/go-spew v1.1.0/go.mod h1:J7Y8YcW2NihsgmVo/mv3lAwl/skON4iLHjSsI+c5H38=
github.com/davecgh/go-spew v1.1.1 h1:vj9j/u1bqnvCEfJOwUhtlOARqs3+rkHYY13jYWTU97c=
github.com/davecgh/go-spew v1.1.1/go.mod h1:J7Y8YcW2NihsgmVo/mv3lAwl/skON4iLHjSsI+c5H38=
github.com/disintegration/imaging v1.6.2 h1:w1LecBlG2Lnp8B3jk5zSuNqd7b4DXhcjwek1ei82L+c=
github.com/disintegration/imaging v1.6.2/go.mod h1:44/5580QXChDfwIclfc/PCwrr44amcmDAg8hxG0Ewe4=
github.com/golang/freetype v0.0.0-20170609003504-e2365dfdc4a0 h1:DACJavvAHhabrF08vX0COfcOBJRhZ8lUbR+ZWIs0Y5g=
github.com/golang/freetype v0.0.0-20170609003504-e2365dfdc4a0/go.mod h1:E/TSTwGwJL78qG/PmXZO1EjYhfJinVAhrmmHX6Z8B9k=
github.com/gorilla/i18n v0.0.0-20150820051429-8b358169da46 h1:N+R2A3fGIr5GucoRMu2xpqyQWQlfY31orbofBCdjMz8=
github.com/gorilla/i18n v0.0.0-20150820051429-8b358169da46/go.mod h1:2Yoiy15Cf7Q3NFwfaJquh7Mk1uGI09ytcD7CUhn8j7s=
github.com/konsorten/go-windows-terminal-sequences v1.0.1/go.mod h1:T0+1ngSBFLxvqU3pZ+m/2kptfBszLMUkC4ZK/EgS/cQ=
github.com/konsorten/go-windows-terminal-sequences v1.0.2/go.mod h1:T0+1ngSBFLxvqU3pZ+m/2kptfBszLMUkC4ZK/EgS/cQ=
github.com/kr/pretty v0.1.0 h1:L/CwN0zerZDmRFUapSPitk6f+Q3+0za1rQkzVuMiMFI=
github.com/kr/pretty v0.1.0/go.mod h1:dAy3ld7l9f0ibDNOQOHHMYYIIbhfbHSm3C4ZsoJORNo=
github.com/kr/pty v1.1.1/go.mod h1:pFQYn66WHrOpPYNljwOMqo10TkYh1fy3cYio2l3bCsQ=
github.com/kr/text v0.1.0 h1:45sCR5RtlFHMR4UwH9sdQ5TC8v0qDQCHnXt+kaKSTVE=
github.com/kr/text v0.1.0/go.mod h1:4Jbv+DJW3UT/LiOwJeYQe1efqtUx/iVham/4vfdArNI=
github.com/llgcode/draw2d v0.0.0-20231212091825-f55e0c776b44 h1:1ad70i0s40IpMtRm2ST+Nvr03X7mlHWtdALYkFNrlxk=
github.com/llgcode/draw2d v0.0.0-20231212091825-f55e0c776b44/go.mod h1:muweRyJCZ1mZSMiCgYbAicfnwZFoeHpNr6A6QBu+rBg=
github.com/llgcode/ps v0.0.0-20210114104736-f4b0c5d1e02e h1:ZAvbj5hI/G/EbAYAcj4yCXUNiFKefEhH0qfImDDD0/8=
github.com/pmezard/go-difflib v1.0.0 h1:4DBwDE0NGyQoBHbLQYPwSUPoCMWR5BEzIk/f1lZbAQM=
github.com/pmezard/go-difflib v1.0.0/go.mod h1:iKH77koFhYxTK1pcRnkKkqfTogsbg7gZNVY4sRDYZ/4=
github.com/richardlehane/msoleps v1.0.3 h1:aznSZzrwYRl3rLKRT3gUk9am7T/mLNSnJINvN0AQoVM=
github.com/richardlehane/msoleps v1.0.3/go.mod h1:BWev5JBpU9Ko2WAgmZEuiz4/u3ZYTKbjLycmwiWUfWg=
github.com/sirupsen/logrus v1.5.0/go.mod h1:+F7Ogzej0PZc/94MaYx/nvG9jOFMD2osvC3s+Squfpo=
github.com/sirupsen/logrus v1.9.3 h1:dueUQJ1C2q9oE3F7wvmSGAaVtTmUizReu6fjN8uqzbQ=
github.com/sirupsen/logrus v1.9.3/go.mod h1:naHLuLoDiP4jHNo9R0sCBMtWGeIprob74mVsIT4qYEQ=
github.com/stretchr/objx v0.1.0/go.mod h1:HFkY916IF+rwdDfMAkV7OtwuqBVzrE8GR6GFx+wExME=
github.com/stretchr/objx v0.4.0/go.mod h1:YvHI0jy2hoMjB+UWwv71VJQ9isScKT/TqJzVSSt89Yw=
github.com/stretchr/objx v0.5.0/go.mod h1:Yh+to48EsGEfYuaHDzXPcE3xhTkx73EhmCGUpEOglKo=
github.com/stretchr/testify v1.2.2/go.mod h1:a8OnRcib4nhh0OaRAV+Yts87kKdq0PP7pXfy6kDkUVs=
github.com/stretchr/testify v1.4.0/go.mod h1:j7eGeouHqKxXV5pUuKE4zz7dFj8WfuZ+81PSLYec5m4=
github.com/stretchr/testify v1.6.1/go.mod h1:6Fq8oRcR53rry900zMqJjRRixrwX3KX962/h/Wwjteg=
github.com/stretchr/testify v1.7.0/go.mod h1:6Fq8oRcR53rry900zMqJjRRixrwX3KX962/h/Wwjteg=
github.com/stretchr/testify v1.7.1/go.mod h1:6Fq8oRcR53rry900zMqJjRRixrwX3KX962/h/Wwjteg=
github.com/stretchr/testify v1.8.0/go.mod h1:yNjHg4UonilssWZ8iaSj1OCr/vHnekPRkoO+kdMU+MU=
github.com/stretchr/testify v1.8.4/go.mod h1:sz/lmYIOXD/1dqDmKjjqLyZ2RngseejIcXlSw2iwfAo=
github.com/stretchr/testify v1.9.0 h1:HtqpIVDClZ4nwg75+f6Lvsy/wHu+3BoSGCbBAcpTsTg=
github.com/stretchr/testify v1.9.0/go.mod h1:r2ic/lqez/lEtzL7wO/rwa5dbSLXVDPFyf8C91i36aY=
github.com/unidoc/emf v0.1.0 h1:Iz6NPQybwaMoJeApCTm3ISE75XPCirKmI/RLNNiLzhI=
github.com/unidoc/emf v0.1.0/go.mod h1:Qc3u+zymqB+sWkwjyA3eQg5PyaLooI0bcmpjYVxfbZ0=
github.com/unidoc/freetype v0.2.3 h1:uPqW+AY0vXN6K2tvtg8dMAtHTEvvHTN52b72XpZU+3I=
github.com/unidoc/freetype v0.2.3/go.mod h1:mJ/Q7JnqEoWtajJVrV6S1InbRv0K/fJerPB5SQs32KI=
github.com/unidoc/garabic v0.0.0-20220702200334-8c7cb25baa11 h1:kExUKrbi429KdVVuAc85z4P+W/Rk4bjGWB5KzZLl/l8=
github.com/unidoc/garabic v0.0.0-20220702200334-8c7cb25baa11/go.mod h1:SX63w9Ww4+Z7E96B01OuG59SleQUb+m+dmapZ8o1Jac=
github.com/unidoc/pkcs7 v0.0.0-20200411230602-d883fd70d1df/go.mod h1:UEzOZUEpJfDpywVJMUT8QiugqEZC29pDq7kdIZhWCr8=
github.com/unidoc/pkcs7 v0.2.0 h1:0Y0RJR5Zu7OuD+/l7bODXARn6b8Ev2G4A8lI4rzy9kg=
github.com/unidoc/pkcs7 v0.2.0/go.mod h1:UEzOZUEpJfDpywVJMUT8QiugqEZC29pDq7kdIZhWCr8=
github.com/unidoc/timestamp v0.0.0-20200412005513-91597fd3793a h1:RLtvUhe4DsUDl66m7MJ8OqBjq8jpWBXPK6/RKtqeTkc=
github.com/unidoc/timestamp v0.0.0-20200412005513-91597fd3793a/go.mod h1:j+qMWZVpZFTvDey3zxUkSgPJZEX33tDgU/QIA0IzCUw=
github.com/unidoc/unichart v0.3.0 h1:VX1j5yzhjrR3f2flC03Yat6/WF3h7Z+DLEvJLoTGhoc=
github.com/unidoc/unichart v0.3.0/go.mod h1:8JnLNKSOl8yQt1jXewNgYFHhFm5M6/ZiaydncFDpakA=
github.com/unidoc/unipdf/v3 v3.55.0 h1:hPkhl+BCZoRLgk+cOW8mdRZ8SUjOj/8HsSRAOmzw5CE=
github.com/unidoc/unipdf/v3 v3.55.0/go.mod h1:06Q/thbRvuQSYiRdtpZ4rZjIug7hg1TJpifNMG7PcBU=
github.com/unidoc/unitype v0.4.0 h1:/TMZ3wgwfWWX64mU5x2O9no9UmoBqYCB089LYYqHyQQ=
github.com/unidoc/unitype v0.4.0/go.mod h1:HV5zuUeqMKA4QgYQq3KDlJY/P96XF90BQB+6czK6LVA=
golang.org/x/crypto v0.31.0 h1:ihbySMvVjLAeSH1IbfcRTkD/iNscyz8rGzjF/E5hV6U=
golang.org/x/crypto v0.31.0/go.mod h1:kDsLvtWBEx7MV9tJOj9bnXsPbxwJQ6csT/x4KIN4Ssk=
golang.org/x/image v0.0.0-20191009234506-e7c1f5e7dbb8/go.mod h1:FeLwcggjj3mMvU+oOTbSwawSJRM1uh48EjtB4UJZlP0=
golang.org/x/image v0.0.0-20211028202545-6944b10bf410/go.mod h1:023OzeP/+EPmXeapQh35lcL3II3LrY8Ic+EFFKVhULM=
golang.org/x/image v0.18.0 h1:jGzIakQa/ZXI1I0Fxvaa9W7yP25TqT6cHIHn+6CqvSQ=
golang.org/x/image v0.18.0/go.mod h1:4yyo5vMFQjVjUcVk4jEQcU9MGy/rulF5WvUILseCM2E=
golang.org/x/net v0.33.0 h1:74SYHlV8BIgHIFC/LrYkOGIwL19eTYXQ5wc6TBuO36I=
golang.org/x/net v0.33.0/go.mod h1:HXLR5J+9DxmrqMwG9qjGCxZ+zKXxBru04zlTvWlWuN4=
golang.org/x/sys v0.0.0-20190422165155-953cdadca894/go.mod h1:h1NjWce9XRLGQEsW7wpKNCjG9DtNlClVuFLEZdDNbEs=
golang.org/x/sys v0.0.0-20220715151400-c0bba94af5f8/go.mod h1:oPkhp1MJrh7nUepCBck5+mAzfO9JrbApNNgaTdGDITg=
golang.org/x/sys v0.0.0-20220731174439-a90be440212d/go.mod h1:oPkhp1MJrh7nUepCBck5+mAzfO9JrbApNNgaTdGDITg=
golang.org/x/sys v0.28.0 h1:Fksou7UEQUWlKvIdsqzJmUmCX3cZuD2+P3XyyzwMhlA=
golang.org/x/sys v0.28.0/go.mod h1:/VUhepiaJMQUp4+oa/7Zr1D23ma6VTLIYjOOTFZPUcA=
golang.org/x/text v0.3.0/go.mod h1:NqM8EUOU14njkJ3fqMW+pc6Ldnwhi/IjpwHt7yyuwOQ=
golang.org/x/text v0.3.2/go.mod h1:bEr9sfX3Q8Zfm5fL9x+3itogRgK3+ptLWKqgva+5dAk=
golang.org/x/text v0.3.6/go.mod h1:5Zoc/QRtKVWzQhOtBMvqHzDpF6irO9z98xDceosuGiQ=
golang.org/x/text v0.21.0 h1:zyQAAkrwaneQ066sspRyJaG9VNi/YJ1NfzcGB3hZ/qo=
golang.org/x/text v0.21.0/go.mod h1:4IBbMaMmOPCJ8SecivzSH54+73PCFmPWxNTLm+vZkEQ=
golang.org/x/tools v0.0.0-20180917221912-90fa682c2a6e/go.mod h1:n7NCudcB/nEzxVGmLbDWY5pfWTLqBcC2KZ6jyYvM4mQ=
golang.org/x/xerrors v0.0.0-20240716161551-93cc26a95ae9 h1:LLhsEBxRTBLuKlQxFBYUOU8xyFgXv6cOTp2HASDlsDk=
golang.org/x/xerrors v0.0.0-20240716161551-93cc26a95ae9/go.mod h1:NDW/Ps6MPRej6fsCIbMTohpP40sJ/P/vI1MoTEGwX90=
gopkg.in/check.v1 v0.0.0-20161208181325-20d25e280405/go.mod h1:Co6ibVJAznAaIkqp8huTwlJQCZ016jof/cbN4VW5Yz0=
gopkg.in/check.v1 v1.0.0-20180628173108-788fd7840127 h1:qIbj1fsPNlZgppZ+VLlY7N33q108Sa+fhmuc+sWQYwY=
gopkg.in/check.v1 v1.0.0-20180628173108-788fd7840127/go.mod h1:Co6ibVJAznAaIkqp8huTwlJQCZ016jof/cbN4VW5Yz0=
gopkg.in/yaml.v2 v2.2.2/go.mod h1:hI93XBmqTisBFMUTm0b8Fm+jr3Dg1NNxqwp+5A1VGuI=
gopkg.in/yaml.v3 v3.0.0-20200313102051-9f266ea9e77c/go.mod h1:K4uyk7z7BCEPqu6E+C64Yfv1cQ7kz7rIZviUmN+EgEM=
gopkg.in/yaml.v3 v3.0.1 h1:fxVm/GzAzEWqLHuvctI91KS9hhNmmWOoWu0XTYJS7CA=
gopkg.in/yaml.v3 v3.0.1/go.mod h1:K4uyk7z7BCEPqu6E+C64Yfv1cQ7kz7rIZviUmN+EgEM=
